// !$*UTF8*$!
{
	archiveVersion = 1;
	classes = {
	};
	objectVersion = 50;
	objects = {

/* Begin PBXBuildFile section */
		7011093F249FFA1F0015522E /* AppDelegate.swift in Sources */ = {isa = PBXBuildFile; fileRef = 7011093E249FFA1F0015522E /* AppDelegate.swift */; };
		70110941249FFA1F0015522E /* SceneDelegate.swift in Sources */ = {isa = PBXBuildFile; fileRef = 70110940249FFA1F0015522E /* SceneDelegate.swift */; };
		70110943249FFA1F0015522E /* ContentView.swift in Sources */ = {isa = PBXBuildFile; fileRef = 70110942249FFA1F0015522E /* ContentView.swift */; };
		70110945249FFA210015522E /* Assets.xcassets in Resources */ = {isa = PBXBuildFile; fileRef = 70110944249FFA210015522E /* Assets.xcassets */; };
		70110948249FFA210015522E /* Preview Assets.xcassets in Resources */ = {isa = PBXBuildFile; fileRef = 70110947249FFA210015522E /* Preview Assets.xcassets */; };
		7011094B249FFA210015522E /* LaunchScreen.storyboard in Resources */ = {isa = PBXBuildFile; fileRef = 70110949249FFA210015522E /* LaunchScreen.storyboard */; };
		70110956249FFA210015522E /* Fight_Against_CovidTests.swift in Sources */ = {isa = PBXBuildFile; fileRef = 70110955249FFA210015522E /* Fight_Against_CovidTests.swift */; };
		70110961249FFA210015522E /* Fight_Against_CovidUITests.swift in Sources */ = {isa = PBXBuildFile; fileRef = 70110960249FFA210015522E /* Fight_Against_CovidUITests.swift */; };
		70110971249FFAFB0015522E /* Facts.swift in Sources */ = {isa = PBXBuildFile; fileRef = 70110970249FFAFB0015522E /* Facts.swift */; };
		7011097524A0008A0015522E /* Statistics.swift in Sources */ = {isa = PBXBuildFile; fileRef = 7011097424A0008A0015522E /* Statistics.swift */; };
		70A3A61F24A00A05005A4559 /* Notification.swift in Sources */ = {isa = PBXBuildFile; fileRef = 70A3A61E24A00A05005A4559 /* Notification.swift */; };
/* End PBXBuildFile section */

/* Begin PBXContainerItemProxy section */
		70110952249FFA210015522E /* PBXContainerItemProxy */ = {
			isa = PBXContainerItemProxy;
			containerPortal = 70110933249FFA1F0015522E /* Project object */;
			proxyType = 1;
			remoteGlobalIDString = 7011093A249FFA1F0015522E;
			remoteInfo = "Fight Against Covid";
		};
		7011095D249FFA210015522E /* PBXContainerItemProxy */ = {
			isa = PBXContainerItemProxy;
			containerPortal = 70110933249FFA1F0015522E /* Project object */;
			proxyType = 1;
			remoteGlobalIDString = 7011093A249FFA1F0015522E;
			remoteInfo = "Fight Against Covid";
		};
/* End PBXContainerItemProxy section */

/* Begin PBXFileReference section */
		7011093B249FFA1F0015522E /* Fight Against Covid.app */ = {isa = PBXFileReference; explicitFileType = wrapper.application; includeInIndex = 0; path = "Fight Against Covid.app"; sourceTree = BUILT_PRODUCTS_DIR; };
		7011093E249FFA1F0015522E /* AppDelegate.swift */ = {isa = PBXFileReference; lastKnownFileType = sourcecode.swift; path = AppDelegate.swift; sourceTree = "<group>"; };
		70110940249FFA1F0015522E /* SceneDelegate.swift */ = {isa = PBXFileReference; lastKnownFileType = sourcecode.swift; path = SceneDelegate.swift; sourceTree = "<group>"; };
		70110942249FFA1F0015522E /* ContentView.swift */ = {isa = PBXFileReference; lastKnownFileType = sourcecode.swift; path = ContentView.swift; sourceTree = "<group>"; };
		70110944249FFA210015522E /* Assets.xcassets */ = {isa = PBXFileReference; lastKnownFileType = folder.assetcatalog; path = Assets.xcassets; sourceTree = "<group>"; };
		70110947249FFA210015522E /* Preview Assets.xcassets */ = {isa = PBXFileReference; lastKnownFileType = folder.assetcatalog; path = "Preview Assets.xcassets"; sourceTree = "<group>"; };
		7011094A249FFA210015522E /* Base */ = {isa = PBXFileReference; lastKnownFileType = file.storyboard; name = Base; path = Base.lproj/LaunchScreen.storyboard; sourceTree = "<group>"; };
		7011094C249FFA210015522E /* Info.plist */ = {isa = PBXFileReference; lastKnownFileType = text.plist.xml; path = Info.plist; sourceTree = "<group>"; };
		70110951249FFA210015522E /* Fight Against CovidTests.xctest */ = {isa = PBXFileReference; explicitFileType = wrapper.cfbundle; includeInIndex = 0; path = "Fight Against CovidTests.xctest"; sourceTree = BUILT_PRODUCTS_DIR; };
		70110955249FFA210015522E /* Fight_Against_CovidTests.swift */ = {isa = PBXFileReference; lastKnownFileType = sourcecode.swift; path = Fight_Against_CovidTests.swift; sourceTree = "<group>"; };
		70110957249FFA210015522E /* Info.plist */ = {isa = PBXFileReference; lastKnownFileType = text.plist.xml; path = Info.plist; sourceTree = "<group>"; };
		7011095C249FFA210015522E /* Fight Against CovidUITests.xctest */ = {isa = PBXFileReference; explicitFileType = wrapper.cfbundle; includeInIndex = 0; path = "Fight Against CovidUITests.xctest"; sourceTree = BUILT_PRODUCTS_DIR; };
		70110960249FFA210015522E /* Fight_Against_CovidUITests.swift */ = {isa = PBXFileReference; lastKnownFileType = sourcecode.swift; path = Fight_Against_CovidUITests.swift; sourceTree = "<group>"; };
		70110962249FFA210015522E /* Info.plist */ = {isa = PBXFileReference; lastKnownFileType = text.plist.xml; path = Info.plist; sourceTree = "<group>"; };
		70110970249FFAFB0015522E /* Facts.swift */ = {isa = PBXFileReference; lastKnownFileType = sourcecode.swift; path = Facts.swift; sourceTree = "<group>"; };
		7011097424A0008A0015522E /* Statistics.swift */ = {isa = PBXFileReference; lastKnownFileType = sourcecode.swift; path = Statistics.swift; sourceTree = "<group>"; };
		70A3A61E24A00A05005A4559 /* Notification.swift */ = {isa = PBXFileReference; lastKnownFileType = sourcecode.swift; path = Notification.swift; sourceTree = "<group>"; };
/* End PBXFileReference section */

/* Begin PBXFrameworksBuildPhase section */
		70110938249FFA1F0015522E /* Frameworks */ = {
			isa = PBXFrameworksBuildPhase;
			buildActionMask = 2147483647;
			files = (
			);
			runOnlyForDeploymentPostprocessing = 0;
		};
		7011094E249FFA210015522E /* Frameworks */ = {
			isa = PBXFrameworksBuildPhase;
			buildActionMask = 2147483647;
			files = (
			);
			runOnlyForDeploymentPostprocessing = 0;
		};
		70110959249FFA210015522E /* Frameworks */ = {
			isa = PBXFrameworksBuildPhase;
			buildActionMask = 2147483647;
			files = (
			);
			runOnlyForDeploymentPostprocessing = 0;
		};
/* End PBXFrameworksBuildPhase section */

/* Begin PBXGroup section */
		70110932249FFA1F0015522E = {
			isa = PBXGroup;
			children = (
				7011093D249FFA1F0015522E /* Fight Against Covid */,
				70110954249FFA210015522E /* Fight Against CovidTests */,
				7011095F249FFA210015522E /* Fight Against CovidUITests */,
				7011093C249FFA1F0015522E /* Products */,
			);
			sourceTree = "<group>";
		};
		7011093C249FFA1F0015522E /* Products */ = {
			isa = PBXGroup;
			children = (
				7011093B249FFA1F0015522E /* Fight Against Covid.app */,
				70110951249FFA210015522E /* Fight Against CovidTests.xctest */,
				7011095C249FFA210015522E /* Fight Against CovidUITests.xctest */,
			);
			name = Products;
			sourceTree = "<group>";
		};
		7011093D249FFA1F0015522E /* Fight Against Covid */ = {
			isa = PBXGroup;
			children = (
				7011093E249FFA1F0015522E /* AppDelegate.swift */,
				70110940249FFA1F0015522E /* SceneDelegate.swift */,
				70110942249FFA1F0015522E /* ContentView.swift */,
				70110944249FFA210015522E /* Assets.xcassets */,
				70110949249FFA210015522E /* LaunchScreen.storyboard */,
				7011094C249FFA210015522E /* Info.plist */,
				70110946249FFA210015522E /* Preview Content */,
				70110970249FFAFB0015522E /* Facts.swift */,
				7011097424A0008A0015522E /* Statistics.swift */,
				70A3A61E24A00A05005A4559 /* Notification.swift */,
			);
			path = "Fight Against Covid";
			sourceTree = "<group>";
		};
		70110946249FFA210015522E /* Preview Content */ = {
			isa = PBXGroup;
			children = (
				70110947249FFA210015522E /* Preview Assets.xcassets */,
			);
			path = "Preview Content";
			sourceTree = "<group>";
		};
		70110954249FFA210015522E /* Fight Against CovidTests */ = {
			isa = PBXGroup;
			children = (
				70110955249FFA210015522E /* Fight_Against_CovidTests.swift */,
				70110957249FFA210015522E /* Info.plist */,
			);
			path = "Fight Against CovidTests";
			sourceTree = "<group>";
		};
		7011095F249FFA210015522E /* Fight Against CovidUITests */ = {
			isa = PBXGroup;
			children = (
				70110960249FFA210015522E /* Fight_Against_CovidUITests.swift */,
				70110962249FFA210015522E /* Info.plist */,
			);
			path = "Fight Against CovidUITests";
			sourceTree = "<group>";
		};
/* End PBXGroup section */

/* Begin PBXNativeTarget section */
		7011093A249FFA1F0015522E /* Fight Against Covid */ = {
			isa = PBXNativeTarget;
			buildConfigurationList = 70110965249FFA210015522E /* Build configuration list for PBXNativeTarget "Fight Against Covid" */;
			buildPhases = (
				70110937249FFA1F0015522E /* Sources */,
				70110938249FFA1F0015522E /* Frameworks */,
				70110939249FFA1F0015522E /* Resources */,
			);
			buildRules = (
			);
			dependencies = (
			);
			name = "Fight Against Covid";
			productName = "Fight Against Covid";
			productReference = 7011093B249FFA1F0015522E /* Fight Against Covid.app */;
			productType = "com.apple.product-type.application";
		};
		70110950249FFA210015522E /* Fight Against CovidTests */ = {
			isa = PBXNativeTarget;
			buildConfigurationList = 70110968249FFA210015522E /* Build configuration list for PBXNativeTarget "Fight Against CovidTests" */;
			buildPhases = (
				7011094D249FFA210015522E /* Sources */,
				7011094E249FFA210015522E /* Frameworks */,
				7011094F249FFA210015522E /* Resources */,
			);
			buildRules = (
			);
			dependencies = (
				70110953249FFA210015522E /* PBXTargetDependency */,
			);
			name = "Fight Against CovidTests";
			productName = "Fight Against CovidTests";
			productReference = 70110951249FFA210015522E /* Fight Against CovidTests.xctest */;
			productType = "com.apple.product-type.bundle.unit-test";
		};
		7011095B249FFA210015522E /* Fight Against CovidUITests */ = {
			isa = PBXNativeTarget;
			buildConfigurationList = 7011096B249FFA210015522E /* Build configuration list for PBXNativeTarget "Fight Against CovidUITests" */;
			buildPhases = (
				70110958249FFA210015522E /* Sources */,
				70110959249FFA210015522E /* Frameworks */,
				7011095A249FFA210015522E /* Resources */,
			);
			buildRules = (
			);
			dependencies = (
				7011095E249FFA210015522E /* PBXTargetDependency */,
			);
			name = "Fight Against CovidUITests";
			productName = "Fight Against CovidUITests";
			productReference = 7011095C249FFA210015522E /* Fight Against CovidUITests.xctest */;
			productType = "com.apple.product-type.bundle.ui-testing";
		};
/* End PBXNativeTarget section */

/* Begin PBXProject section */
		70110933249FFA1F0015522E /* Project object */ = {
			isa = PBXProject;
			attributes = {
				LastSwiftUpdateCheck = 1150;
				LastUpgradeCheck = 1150;
				ORGANIZATIONNAME = "Charan Vengatesh";
				TargetAttributes = {
					7011093A249FFA1F0015522E = {
						CreatedOnToolsVersion = 11.5;
					};
					70110950249FFA210015522E = {
						CreatedOnToolsVersion = 11.5;
						TestTargetID = 7011093A249FFA1F0015522E;
					};
					7011095B249FFA210015522E = {
						CreatedOnToolsVersion = 11.5;
						TestTargetID = 7011093A249FFA1F0015522E;
					};
				};
			};
			buildConfigurationList = 70110936249FFA1F0015522E /* Build configuration list for PBXProject "Fight Against Covid" */;
			compatibilityVersion = "Xcode 9.3";
			developmentRegion = en;
			hasScannedForEncodings = 0;
			knownRegions = (
				en,
				Base,
			);
			mainGroup = 70110932249FFA1F0015522E;
			productRefGroup = 7011093C249FFA1F0015522E /* Products */;
			projectDirPath = "";
			projectRoot = "";
			targets = (
				7011093A249FFA1F0015522E /* Fight Against Covid */,
				70110950249FFA210015522E /* Fight Against CovidTests */,
				7011095B249FFA210015522E /* Fight Against CovidUITests */,
			);
		};
/* End PBXProject section */

/* Begin PBXResourcesBuildPhase section */
		70110939249FFA1F0015522E /* Resources */ = {
			isa = PBXResourcesBuildPhase;
			buildActionMask = 2147483647;
			files = (
				7011094B249FFA210015522E /* LaunchScreen.storyboard in Resources */,
				70110948249FFA210015522E /* Preview Assets.xcassets in Resources */,
				70110945249FFA210015522E /* Assets.xcassets in Resources */,
			);
			runOnlyForDeploymentPostprocessing = 0;
		};
		7011094F249FFA210015522E /* Resources */ = {
			isa = PBXResourcesBuildPhase;
			buildActionMask = 2147483647;
			files = (
			);
			runOnlyForDeploymentPostprocessing = 0;
		};
		7011095A249FFA210015522E /* Resources */ = {
			isa = PBXResourcesBuildPhase;
			buildActionMask = 2147483647;
			files = (
			);
			runOnlyForDeploymentPostprocessing = 0;
		};
/* End PBXResourcesBuildPhase section */

/* Begin PBXSourcesBuildPhase section */
		70110937249FFA1F0015522E /* Sources */ = {
			isa = PBXSourcesBuildPhase;
			buildActionMask = 2147483647;
			files = (
				7011093F249FFA1F0015522E /* AppDelegate.swift in Sources */,
				70110941249FFA1F0015522E /* SceneDelegate.swift in Sources */,
				70A3A61F24A00A05005A4559 /* Notification.swift in Sources */,
				70110943249FFA1F0015522E /* ContentView.swift in Sources */,
				7011097524A0008A0015522E /* Statistics.swift in Sources */,
				70110971249FFAFB0015522E /* Facts.swift in Sources */,
			);
			runOnlyForDeploymentPostprocessing = 0;
		};
		7011094D249FFA210015522E /* Sources */ = {
			isa = PBXSourcesBuildPhase;
			buildActionMask = 2147483647;
			files = (
				70110956249FFA210015522E /* Fight_Against_CovidTests.swift in Sources */,
			);
			runOnlyForDeploymentPostprocessing = 0;
		};
		70110958249FFA210015522E /* Sources */ = {
			isa = PBXSourcesBuildPhase;
			buildActionMask = 2147483647;
			files = (
				70110961249FFA210015522E /* Fight_Against_CovidUITests.swift in Sources */,
			);
			runOnlyForDeploymentPostprocessing = 0;
		};
/* End PBXSourcesBuildPhase section */

/* Begin PBXTargetDependency section */
		70110953249FFA210015522E /* PBXTargetDependency */ = {
			isa = PBXTargetDependency;
			target = 7011093A249FFA1F0015522E /* Fight Against Covid */;
			targetProxy = 70110952249FFA210015522E /* PBXContainerItemProxy */;
		};
		7011095E249FFA210015522E /* PBXTargetDependency */ = {
			isa = PBXTargetDependency;
			target = 7011093A249FFA1F0015522E /* Fight Against Covid */;
			targetProxy = 7011095D249FFA210015522E /* PBXContainerItemProxy */;
		};
/* End PBXTargetDependency section */

/* Begin PBXVariantGroup section */
		70110949249FFA210015522E /* LaunchScreen.storyboard */ = {
			isa = PBXVariantGroup;
			children = (
				7011094A249FFA210015522E /* Base */,
			);
			name = LaunchScreen.storyboard;
			sourceTree = "<group>";
		};
/* End PBXVariantGroup section */

/* Begin XCBuildConfiguration section */
		70110963249FFA210015522E /* Debug */ = {
			isa = XCBuildConfiguration;
			buildSettings = {
				ALWAYS_SEARCH_USER_PATHS = NO;
				CLANG_ANALYZER_NONNULL = YES;
				CLANG_ANALYZER_NUMBER_OBJECT_CONVERSION = YES_AGGRESSIVE;
				CLANG_CXX_LANGUAGE_STANDARD = "gnu++14";
				CLANG_CXX_LIBRARY = "libc++";
				CLANG_ENABLE_MODULES = YES;
				CLANG_ENABLE_OBJC_ARC = YES;
				CLANG_ENABLE_OBJC_WEAK = YES;
				CLANG_WARN_BLOCK_CAPTURE_AUTORELEASING = YES;
				CLANG_WARN_BOOL_CONVERSION = YES;
				CLANG_WARN_COMMA = YES;
				CLANG_WARN_CONSTANT_CONVERSION = YES;
				CLANG_WARN_DEPRECATED_OBJC_IMPLEMENTATIONS = YES;
				CLANG_WARN_DIRECT_OBJC_ISA_USAGE = YES_ERROR;
				CLANG_WARN_DOCUMENTATION_COMMENTS = YES;
				CLANG_WARN_EMPTY_BODY = YES;
				CLANG_WARN_ENUM_CONVERSION = YES;
				CLANG_WARN_INFINITE_RECURSION = YES;
				CLANG_WARN_INT_CONVERSION = YES;
				CLANG_WARN_NON_LITERAL_NULL_CONVERSION = YES;
				CLANG_WARN_OBJC_IMPLICIT_RETAIN_SELF = YES;
				CLANG_WARN_OBJC_LITERAL_CONVERSION = YES;
				CLANG_WARN_OBJC_ROOT_CLASS = YES_ERROR;
				CLANG_WARN_RANGE_LOOP_ANALYSIS = YES;
				CLANG_WARN_STRICT_PROTOTYPES = YES;
				CLANG_WARN_SUSPICIOUS_MOVE = YES;
				CLANG_WARN_UNGUARDED_AVAILABILITY = YES_AGGRESSIVE;
				CLANG_WARN_UNREACHABLE_CODE = YES;
				CLANG_WARN__DUPLICATE_METHOD_MATCH = YES;
				COPY_PHASE_STRIP = NO;
				DEBUG_INFORMATION_FORMAT = dwarf;
				ENABLE_STRICT_OBJC_MSGSEND = YES;
				ENABLE_TESTABILITY = YES;
				GCC_C_LANGUAGE_STANDARD = gnu11;
				GCC_DYNAMIC_NO_PIC = NO;
				GCC_NO_COMMON_BLOCKS = YES;
				GCC_OPTIMIZATION_LEVEL = 0;
				GCC_PREPROCESSOR_DEFINITIONS = (
					"DEBUG=1",
					"$(inherited)",
				);
				GCC_WARN_64_TO_32_BIT_CONVERSION = YES;
				GCC_WARN_ABOUT_RETURN_TYPE = YES_ERROR;
				GCC_WARN_UNDECLARED_SELECTOR = YES;
				GCC_WARN_UNINITIALIZED_AUTOS = YES_AGGRESSIVE;
				GCC_WARN_UNUSED_FUNCTION = YES;
				GCC_WARN_UNUSED_VARIABLE = YES;
				IPHONEOS_DEPLOYMENT_TARGET = 13.5;
				MTL_ENABLE_DEBUG_INFO = INCLUDE_SOURCE;
				MTL_FAST_MATH = YES;
				ONLY_ACTIVE_ARCH = YES;
				SDKROOT = iphoneos;
				SWIFT_ACTIVE_COMPILATION_CONDITIONS = DEBUG;
				SWIFT_OPTIMIZATION_LEVEL = "-Onone";
			};
			name = Debug;
		};
		70110964249FFA210015522E /* Release */ = {
			isa = XCBuildConfiguration;
			buildSettings = {
				ALWAYS_SEARCH_USER_PATHS = NO;
				CLANG_ANALYZER_NONNULL = YES;
				CLANG_ANALYZER_NUMBER_OBJECT_CONVERSION = YES_AGGRESSIVE;
				CLANG_CXX_LANGUAGE_STANDARD = "gnu++14";
				CLANG_CXX_LIBRARY = "libc++";
				CLANG_ENABLE_MODULES = YES;
				CLANG_ENABLE_OBJC_ARC = YES;
				CLANG_ENABLE_OBJC_WEAK = YES;
				CLANG_WARN_BLOCK_CAPTURE_AUTORELEASING = YES;
				CLANG_WARN_BOOL_CONVERSION = YES;
				CLANG_WARN_COMMA = YES;
				CLANG_WARN_CONSTANT_CONVERSION = YES;
				CLANG_WARN_DEPRECATED_OBJC_IMPLEMENTATIONS = YES;
				CLANG_WARN_DIRECT_OBJC_ISA_USAGE = YES_ERROR;
				CLANG_WARN_DOCUMENTATION_COMMENTS = YES;
				CLANG_WARN_EMPTY_BODY = YES;
				CLANG_WARN_ENUM_CONVERSION = YES;
				CLANG_WARN_INFINITE_RECURSION = YES;
				CLANG_WARN_INT_CONVERSION = YES;
				CLANG_WARN_NON_LITERAL_NULL_CONVERSION = YES;
				CLANG_WARN_OBJC_IMPLICIT_RETAIN_SELF = YES;
				CLANG_WARN_OBJC_LITERAL_CONVERSION = YES;
				CLANG_WARN_OBJC_ROOT_CLASS = YES_ERROR;
				CLANG_WARN_RANGE_LOOP_ANALYSIS = YES;
				CLANG_WARN_STRICT_PROTOTYPES = YES;
				CLANG_WARN_SUSPICIOUS_MOVE = YES;
				CLANG_WARN_UNGUARDED_AVAILABILITY = YES_AGGRESSIVE;
				CLANG_WARN_UNREACHABLE_CODE = YES;
				CLANG_WARN__DUPLICATE_METHOD_MATCH = YES;
				COPY_PHASE_STRIP = NO;
				DEBUG_INFORMATION_FORMAT = "dwarf-with-dsym";
				ENABLE_NS_ASSERTIONS = NO;
				ENABLE_STRICT_OBJC_MSGSEND = YES;
				GCC_C_LANGUAGE_STANDARD = gnu11;
				GCC_NO_COMMON_BLOCKS = YES;
				GCC_WARN_64_TO_32_BIT_CONVERSION = YES;
				GCC_WARN_ABOUT_RETURN_TYPE = YES_ERROR;
				GCC_WARN_UNDECLARED_SELECTOR = YES;
				GCC_WARN_UNINITIALIZED_AUTOS = YES_AGGRESSIVE;
				GCC_WARN_UNUSED_FUNCTION = YES;
				GCC_WARN_UNUSED_VARIABLE = YES;
				IPHONEOS_DEPLOYMENT_TARGET = 13.5;
				MTL_ENABLE_DEBUG_INFO = NO;
				MTL_FAST_MATH = YES;
				SDKROOT = iphoneos;
				SWIFT_COMPILATION_MODE = wholemodule;
				SWIFT_OPTIMIZATION_LEVEL = "-O";
				VALIDATE_PRODUCT = YES;
			};
			name = Release;
		};
		70110966249FFA210015522E /* Debug */ = {
			isa = XCBuildConfiguration;
			buildSettings = {
				ASSETCATALOG_COMPILER_APPICON_NAME = AppIcon;
				CODE_SIGN_STYLE = Automatic;
				DEVELOPMENT_ASSET_PATHS = "\"Fight Against Covid/Preview Content\"";
				DEVELOPMENT_TEAM = HX79X35YK7;
				ENABLE_PREVIEWS = YES;
				INFOPLIST_FILE = "Fight Against Covid/Info.plist";
				LD_RUNPATH_SEARCH_PATHS = (
					"$(inherited)",
					"@executable_path/Frameworks",
				);
				PRODUCT_BUNDLE_IDENTIFIER = "com.charanvengatesh.Fight-Against-Covid";
				PRODUCT_NAME = "$(TARGET_NAME)";
				SWIFT_VERSION = 5.0;
				TARGETED_DEVICE_FAMILY = "1,2";
			};
			name = Debug;
		};
		70110967249FFA210015522E /* Release */ = {
			isa = XCBuildConfiguration;
			buildSettings = {
				ASSETCATALOG_COMPILER_APPICON_NAME = AppIcon;
				CODE_SIGN_STYLE = Automatic;
				DEVELOPMENT_ASSET_PATHS = "\"Fight Against Covid/Preview Content\"";
				DEVELOPMENT_TEAM = HX79X35YK7;
				ENABLE_PREVIEWS = YES;
				INFOPLIST_FILE = "Fight Against Covid/Info.plist";
				LD_RUNPATH_SEARCH_PATHS = (
					"$(inherited)",
					"@executable_path/Frameworks",
				);
				PRODUCT_BUNDLE_IDENTIFIER = "com.charanvengatesh.Fight-Against-Covid";
				PRODUCT_NAME = "$(TARGET_NAME)";
				SWIFT_VERSION = 5.0;
				TARGETED_DEVICE_FAMILY = "1,2";
			};
			name = Release;
		};
		70110969249FFA210015522E /* Debug */ = {
			isa = XCBuildConfiguration;
			buildSettings = {
				ALWAYS_EMBED_SWIFT_STANDARD_LIBRARIES = YES;
				BUNDLE_LOADER = "$(TEST_HOST)";
				CODE_SIGN_STYLE = Automatic;
				DEVELOPMENT_TEAM = HX79X35YK7;
				INFOPLIST_FILE = "Fight Against CovidTests/Info.plist";
				IPHONEOS_DEPLOYMENT_TARGET = 13.5;
				LD_RUNPATH_SEARCH_PATHS = (
					"$(inherited)",
					"@executable_path/Frameworks",
					"@loader_path/Frameworks",
				);
				PRODUCT_BUNDLE_IDENTIFIER = "com.charanvengatesh.Fight-Against-CovidTests";
				PRODUCT_NAME = "$(TARGET_NAME)";
				SWIFT_VERSION = 5.0;
				TARGETED_DEVICE_FAMILY = "1,2";
				TEST_HOST = "$(BUILT_PRODUCTS_DIR)/Fight Against Covid.app/Fight Against Covid";
			};
			name = Debug;
		};
		7011096A249FFA210015522E /* Release */ = {
			isa = XCBuildConfiguration;
			buildSettings = {
				ALWAYS_EMBED_SWIFT_STANDARD_LIBRARIES = YES;
				BUNDLE_LOADER = "$(TEST_HOST)";
				CODE_SIGN_STYLE = Automatic;
				DEVELOPMENT_TEAM = HX79X35YK7;
				INFOPLIST_FILE = "Fight Against CovidTests/Info.plist";
				IPHONEOS_DEPLOYMENT_TARGET = 13.5;
				LD_RUNPATH_SEARCH_PATHS = (
					"$(inherited)",
					"@executable_path/Frameworks",
					"@loader_path/Frameworks",
				);
				PRODUCT_BUNDLE_IDENTIFIER = "com.charanvengatesh.Fight-Against-CovidTests";
				PRODUCT_NAME = "$(TARGET_NAME)";
				SWIFT_VERSION = 5.0;
				TARGETED_DEVICE_FAMILY = "1,2";
				TEST_HOST = "$(BUILT_PRODUCTS_DIR)/Fight Against Covid.app/Fight Against Covid";
			};
			name = Release;
		};
		7011096C249FFA210015522E /* Debug */ = {
			isa = XCBuildConfiguration;
			buildSettings = {
				ALWAYS_EMBED_SWIFT_STANDARD_LIBRARIES = YES;
				CODE_SIGN_STYLE = Automatic;
				DEVELOPMENT_TEAM = HX79X35YK7;
				INFOPLIST_FILE = "Fight Against CovidUITests/Info.plist";
				LD_RUNPATH_SEARCH_PATHS = (
					"$(inherited)",
					"@executable_path/Frameworks",
					"@loader_path/Frameworks",
				);
				PRODUCT_BUNDLE_IDENTIFIER = "com.charanvengatesh.Fight-Against-CovidUITests";
				PRODUCT_NAME = "$(TARGET_NAME)";
				SWIFT_VERSION = 5.0;
				TARGETED_DEVICE_FAMILY = "1,2";
				TEST_TARGET_NAME = "Fight Against Covid";
			};
			name = Debug;
		};
		7011096D249FFA210015522E /* Release */ = {
			isa = XCBuildConfiguration;
			buildSettings = {
				ALWAYS_EMBED_SWIFT_STANDARD_LIBRARIES = YES;
				CODE_SIGN_STYLE = Automatic;
				DEVELOPMENT_TEAM = HX79X35YK7;
				INFOPLIST_FILE = "Fight Against CovidUITests/Info.plist";
				LD_RUNPATH_SEARCH_PATHS = (
					"$(inherited)",
					"@executable_path/Frameworks",
					"@loader_path/Frameworks",
				);
				PRODUCT_BUNDLE_IDENTIFIER = "com.charanvengatesh.Fight-Against-CovidUITests";
				PRODUCT_NAME = "$(TARGET_NAME)";
				SWIFT_VERSION = 5.0;
				TARGETED_DEVICE_FAMILY = "1,2";
				TEST_TARGET_NAME = "Fight Against Covid";
			};
			name = Release;
		};
/* End XCBuildConfiguration section */

/* Begin XCConfigurationList section */
		70110936249FFA1F0015522E /* Build configuration list for PBXProject "Fight Against Covid" */ = {
			isa = XCConfigurationList;
			buildConfigurations = (
				70110963249FFA210015522E /* Debug */,
				70110964249FFA210015522E /* Release */,
			);
			defaultConfigurationIsVisible = 0;
			defaultConfigurationName = Release;
		};
		70110965249FFA210015522E /* Build configuration list for PBXNativeTarget "Fight Against Covid" */ = {
			isa = XCConfigurationList;
			buildConfigurations = (
				70110966249FFA210015522E /* Debug */,
				70110967249FFA210015522E /* Release */,
			);
			defaultConfigurationIsVisible = 0;
			defaultConfigurationName = Release;
		};
		70110968249FFA210015522E /* Build configuration list for PBXNativeTarget "Fight Against CovidTests" */ = {
			isa = XCConfigurationList;
			buildConfigurations = (
				70110969249FFA210015522E /* Debug */,
				7011096A249FFA210015522E /* Release */,
			);
			defaultConfigurationIsVisible = 0;
			defaultConfigurationName = Release;
		};
		7011096B249FFA210015522E /* Build configuration list for PBXNativeTarget "Fight Against CovidUITests" */ = {
			isa = XCConfigurationList;
			buildConfigurations = (
				7011096C249FFA210015522E /* Debug */,
				7011096D249FFA210015522E /* Release */,
			);
			defaultConfigurationIsVisible = 0;
			defaultConfigurationName = Release;
		};
/* End XCConfigurationList section */
	};
	rootObject = 70110933249FFA1F0015522E /* Project object */;
}
